
Microsoft Visual Studio Solution File, Format Version 12.00
# Visual Studio Version 17
VisualStudioVersion = 17.8.34309.116
MinimumVisualStudioVersion = 10.0.40219.1
Project("{FAE04EC0-301F-11D3-BF4B-00C04F79EFBC}") = "ZombieSimulation", "ZombieSimulation.csproj", "{FA8F9D49-0657-4518-BDA7-FB11E43EF8FD}"
EndProject
Global
	GlobalSection(SolutionConfigurationPlatforms) = preSolution
		Debug|Any CPU = Debug|Any CPU
		Release|Any CPU = Release|Any CPU
	EndGlobalSection
	GlobalSection(ProjectConfigurationPlatforms) = postSolution
		{FA8F9D49-0657-4518-BDA7-FB11E43EF8FD}.Debug|Any CPU.ActiveCfg = Debug|Any CPU
		{FA8F9D49-0657-4518-BDA7-FB11E43EF8FD}.Debug|Any CPU.Build.0 = Debug|Any CPU
		{FA8F9D49-0657-4518-BDA7-FB11E43EF8FD}.Release|Any CPU.ActiveCfg = Release|Any CPU
		{FA8F9D49-0657-4518-BDA7-FB11E43EF8FD}.Release|Any CPU.Build.0 = Release|Any CPU
	EndGlobalSection
	GlobalSection(SolutionProperties) = preSolution
		HideSolutionNode = FALSE
	EndGlobalSection
	GlobalSection(ExtensibilityGlobals) = postSolution
		SolutionGuid = {477BF402-FA2C-48C0-818E-4093BDC98E20}
	EndGlobalSection
EndGlobal
